
Microsoft Visual Studio Solution File, Format Version 12.00
# Visual Studio Version 17
VisualStudioVersion = 17.2.32616.157
MinimumVisualStudioVersion = 10.0.40219.1
Project("{FAE04EC0-301F-11D3-BF4B-00C04F79EFBC}") = "Tarefa015", "Tarefa015.csproj", "{35CF55EB-7E02-4C6D-87EF-AF78A47726B2}"
EndProject
Global
	GlobalSection(SolutionConfigurationPlatforms) = preSolution
		Debug|Any CPU = Debug|Any CPU
		Release|Any CPU = Release|Any CPU
	EndGlobalSection
	GlobalSection(ProjectConfigurationPlatforms) = postSolution
		{35CF55EB-7E02-4C6D-87EF-AF78A47726B2}.Debug|Any CPU.ActiveCfg = Debug|Any CPU
		{35CF55EB-7E02-4C6D-87EF-AF78A47726B2}.Debug|Any CPU.Build.0 = Debug|Any CPU
		{35CF55EB-7E02-4C6D-87EF-AF78A47726B2}.Release|Any CPU.ActiveCfg = Release|Any CPU
		{35CF55EB-7E02-4C6D-87EF-AF78A47726B2}.Release|Any CPU.Build.0 = Release|Any CPU
	EndGlobalSection
	GlobalSection(SolutionProperties) = preSolution
		HideSolutionNode = FALSE
	EndGlobalSection
	GlobalSection(ExtensibilityGlobals) = postSolution
		SolutionGuid = {E3A38E86-D3DD-496A-8C02-D9765257224C}
	EndGlobalSection
EndGlobal
